
Microsoft Visual Studio Solution File, Format Version 12.00
# Visual Studio 15
VisualStudioVersion = 15.0.27703.2018
MinimumVisualStudioVersion = 10.0.40219.1
Project("{FAE04EC0-301F-11D3-BF4B-00C04F79EFBC}") = "CourierKata", "CourierKata\CourierKata.csproj", "{86DB6341-AAED-4298-A236-E4027DD8519E}"
EndProject
Project("{FAE04EC0-301F-11D3-BF4B-00C04F79EFBC}") = "CourierKata.Test", "CourierKata.Test\CourierKata.Test.csproj", "{5368F7F3-6864-44A2-92D9-8578241F5A17}"
EndProject
Global
	GlobalSection(SolutionConfigurationPlatforms) = preSolution
		Debug|Any CPU = Debug|Any CPU
		Release|Any CPU = Release|Any CPU
	EndGlobalSection
	GlobalSection(ProjectConfigurationPlatforms) = postSolution
		{86DB6341-AAED-4298-A236-E4027DD8519E}.Debug|Any CPU.ActiveCfg = Debug|Any CPU
		{86DB6341-AAED-4298-A236-E4027DD8519E}.Debug|Any CPU.Build.0 = Debug|Any CPU
		{86DB6341-AAED-4298-A236-E4027DD8519E}.Release|Any CPU.ActiveCfg = Release|Any CPU
		{86DB6341-AAED-4298-A236-E4027DD8519E}.Release|Any CPU.Build.0 = Release|Any CPU
		{5368F7F3-6864-44A2-92D9-8578241F5A17}.Debug|Any CPU.ActiveCfg = Debug|Any CPU
		{5368F7F3-6864-44A2-92D9-8578241F5A17}.Debug|Any CPU.Build.0 = Debug|Any CPU
		{5368F7F3-6864-44A2-92D9-8578241F5A17}.Release|Any CPU.ActiveCfg = Release|Any CPU
		{5368F7F3-6864-44A2-92D9-8578241F5A17}.Release|Any CPU.Build.0 = Release|Any CPU
	EndGlobalSection
	GlobalSection(SolutionProperties) = preSolution
		HideSolutionNode = FALSE
	EndGlobalSection
	GlobalSection(ExtensibilityGlobals) = postSolution
		SolutionGuid = {52826681-F322-4319-AA7E-7E7965F52FA8}
	EndGlobalSection
EndGlobal
